
Microsoft Visual Studio Solution File, Format Version 12.00
# Visual Studio Version 17
VisualStudioVersion = 17.14.36616.10 d17.14
MinimumVisualStudioVersion = 10.0.40219.1
Project("{FAE04EC0-301F-11D3-BF4B-00C04F79EFBC}") = "Labb4_Generic_Collections", "Labb4_Generic_Collections.csproj", "{97FC67A2-D5B3-47D1-8857-883C2FD30C96}"
EndProject
Global
	GlobalSection(SolutionConfigurationPlatforms) = preSolution
		Debug|Any CPU = Debug|Any CPU
		Release|Any CPU = Release|Any CPU
	EndGlobalSection
	GlobalSection(ProjectConfigurationPlatforms) = postSolution
		{97FC67A2-D5B3-47D1-8857-883C2FD30C96}.Debug|Any CPU.ActiveCfg = Debug|Any CPU
		{97FC67A2-D5B3-47D1-8857-883C2FD30C96}.Debug|Any CPU.Build.0 = Debug|Any CPU
		{97FC67A2-D5B3-47D1-8857-883C2FD30C96}.Release|Any CPU.ActiveCfg = Release|Any CPU
		{97FC67A2-D5B3-47D1-8857-883C2FD30C96}.Release|Any CPU.Build.0 = Release|Any CPU
	EndGlobalSection
	GlobalSection(SolutionProperties) = preSolution
		HideSolutionNode = FALSE
	EndGlobalSection
	GlobalSection(ExtensibilityGlobals) = postSolution
		SolutionGuid = {EED142F8-40C0-494E-8A54-7290C74B8225}
	EndGlobalSection
EndGlobal
